
Microsoft Visual Studio Solution File, Format Version 12.00
# Visual Studio Version 16
VisualStudioVersion = 16.0.31005.135
MinimumVisualStudioVersion = 10.0.40219.1
Project("{FAE04EC0-301F-11D3-BF4B-00C04F79EFBC}") = "06.Exercise-ORM-Fundamentals", "06.Exercise-ORM-Fundamentals\06.Exercise-ORM-Fundamentals.csproj", "{CFC552B5-9881-468A-BA8A-0E0F09D925A3}"
EndProject
Global
	GlobalSection(SolutionConfigurationPlatforms) = preSolution
		Debug|Any CPU = Debug|Any CPU
		Release|Any CPU = Release|Any CPU
	EndGlobalSection
	GlobalSection(ProjectConfigurationPlatforms) = postSolution
		{CFC552B5-9881-468A-BA8A-0E0F09D925A3}.Debug|Any CPU.ActiveCfg = Debug|Any CPU
		{CFC552B5-9881-468A-BA8A-0E0F09D925A3}.Debug|Any CPU.Build.0 = Debug|Any CPU
		{CFC552B5-9881-468A-BA8A-0E0F09D925A3}.Release|Any CPU.ActiveCfg = Release|Any CPU
		{CFC552B5-9881-468A-BA8A-0E0F09D925A3}.Release|Any CPU.Build.0 = Release|Any CPU
	EndGlobalSection
	GlobalSection(SolutionProperties) = preSolution
		HideSolutionNode = FALSE
	EndGlobalSection
	GlobalSection(ExtensibilityGlobals) = postSolution
		SolutionGuid = {C06B8869-0187-483B-A1F6-1CDE313314E7}
	EndGlobalSection
EndGlobal
