
Microsoft Visual Studio Solution File, Format Version 12.00
# Visual Studio 15
Project("{FAE04EC0-301F-11D3-BF4B-00C04F79EFBC}") = "Computers", "03. Unit Tests_Skeleton\Computers\Computers.csproj", "{0737B896-3B9F-43B5-A4DB-FFB2AE4BCFFC}"
EndProject
Project("{FAE04EC0-301F-11D3-BF4B-00C04F79EFBC}") = "Computers.Tests", "03. Unit Tests_Skeleton\Computers.Tests\Computers.Tests.csproj", "{30248B6E-24B5-4B3B-B673-C84A133398A2}"
EndProject
Project("{FAE04EC0-301F-11D3-BF4B-00C04F79EFBC}") = "RobotService", "01. Structure_Skeleton\RobotService\RobotService.csproj", "{DCBB05A7-AFDA-4D5C-A91B-AD833BA5BF04}"
EndProject
Global
	GlobalSection(SolutionConfigurationPlatforms) = preSolution
		Debug|Any CPU = Debug|Any CPU
		Release|Any CPU = Release|Any CPU
	EndGlobalSection
	GlobalSection(ProjectConfigurationPlatforms) = postSolution
		{0737B896-3B9F-43B5-A4DB-FFB2AE4BCFFC}.Debug|Any CPU.ActiveCfg = Debug|Any CPU
		{0737B896-3B9F-43B5-A4DB-FFB2AE4BCFFC}.Debug|Any CPU.Build.0 = Debug|Any CPU
		{0737B896-3B9F-43B5-A4DB-FFB2AE4BCFFC}.Release|Any CPU.ActiveCfg = Release|Any CPU
		{0737B896-3B9F-43B5-A4DB-FFB2AE4BCFFC}.Release|Any CPU.Build.0 = Release|Any CPU
		{30248B6E-24B5-4B3B-B673-C84A133398A2}.Debug|Any CPU.ActiveCfg = Debug|Any CPU
		{30248B6E-24B5-4B3B-B673-C84A133398A2}.Debug|Any CPU.Build.0 = Debug|Any CPU
		{30248B6E-24B5-4B3B-B673-C84A133398A2}.Release|Any CPU.ActiveCfg = Release|Any CPU
		{30248B6E-24B5-4B3B-B673-C84A133398A2}.Release|Any CPU.Build.0 = Release|Any CPU
		{DCBB05A7-AFDA-4D5C-A91B-AD833BA5BF04}.Debug|Any CPU.ActiveCfg = Debug|Any CPU
		{DCBB05A7-AFDA-4D5C-A91B-AD833BA5BF04}.Debug|Any CPU.Build.0 = Debug|Any CPU
		{DCBB05A7-AFDA-4D5C-A91B-AD833BA5BF04}.Release|Any CPU.ActiveCfg = Release|Any CPU
		{DCBB05A7-AFDA-4D5C-A91B-AD833BA5BF04}.Release|Any CPU.Build.0 = Release|Any CPU
	EndGlobalSection
EndGlobal
