
Microsoft Visual Studio Solution File, Format Version 12.00
# Visual Studio Version 16
VisualStudioVersion = 16.0.808.3
MinimumVisualStudioVersion = 10.0.40219.1
Project("{FAE04EC0-301F-11D3-BF4B-00C04F79EFBC}") = "Grand_Prix", "Grand_Prix\Grand_Prix.csproj", "{9905168E-41BB-4AF4-85E0-EA57E647870E}"
EndProject
Global
	GlobalSection(SolutionConfigurationPlatforms) = preSolution
		Debug|Any CPU = Debug|Any CPU
		Release|Any CPU = Release|Any CPU
	EndGlobalSection
	GlobalSection(ProjectConfigurationPlatforms) = postSolution
		{9905168E-41BB-4AF4-85E0-EA57E647870E}.Debug|Any CPU.ActiveCfg = Debug|Any CPU
		{9905168E-41BB-4AF4-85E0-EA57E647870E}.Debug|Any CPU.Build.0 = Debug|Any CPU
		{9905168E-41BB-4AF4-85E0-EA57E647870E}.Release|Any CPU.ActiveCfg = Release|Any CPU
		{9905168E-41BB-4AF4-85E0-EA57E647870E}.Release|Any CPU.Build.0 = Release|Any CPU
	EndGlobalSection
	GlobalSection(SolutionProperties) = preSolution
		HideSolutionNode = FALSE
	EndGlobalSection
	GlobalSection(ExtensibilityGlobals) = postSolution
		SolutionGuid = {E184A42A-F109-4869-BF31-3CC996C90C1C}
	EndGlobalSection
EndGlobal
