
Microsoft Visual Studio Solution File, Format Version 12.00
# Visual Studio Version 16
VisualStudioVersion = 16.0.31005.135
MinimumVisualStudioVersion = 10.0.40219.1
Project("{9A19103F-16F7-4668-BE54-9A1E7A4F7556}") = "MiniORM", "MiniORM\MiniORM.csproj", "{86D40984-E71A-4041-ACF5-B3CC333585A6}"
EndProject
Project("{9A19103F-16F7-4668-BE54-9A1E7A4F7556}") = "MiniORM.App", "MiniORM.App\MiniORM.App.csproj", "{6AA6210F-BC97-4239-A5AC-597AEB0B0045}"
EndProject
Global
	GlobalSection(SolutionConfigurationPlatforms) = preSolution
		Debug|Any CPU = Debug|Any CPU
		Release|Any CPU = Release|Any CPU
	EndGlobalSection
	GlobalSection(ProjectConfigurationPlatforms) = postSolution
		{86D40984-E71A-4041-ACF5-B3CC333585A6}.Debug|Any CPU.ActiveCfg = Debug|Any CPU
		{86D40984-E71A-4041-ACF5-B3CC333585A6}.Debug|Any CPU.Build.0 = Debug|Any CPU
		{86D40984-E71A-4041-ACF5-B3CC333585A6}.Release|Any CPU.ActiveCfg = Release|Any CPU
		{86D40984-E71A-4041-ACF5-B3CC333585A6}.Release|Any CPU.Build.0 = Release|Any CPU
		{6AA6210F-BC97-4239-A5AC-597AEB0B0045}.Debug|Any CPU.ActiveCfg = Debug|Any CPU
		{6AA6210F-BC97-4239-A5AC-597AEB0B0045}.Debug|Any CPU.Build.0 = Debug|Any CPU
		{6AA6210F-BC97-4239-A5AC-597AEB0B0045}.Release|Any CPU.ActiveCfg = Release|Any CPU
		{6AA6210F-BC97-4239-A5AC-597AEB0B0045}.Release|Any CPU.Build.0 = Release|Any CPU
	EndGlobalSection
	GlobalSection(SolutionProperties) = preSolution
		HideSolutionNode = FALSE
	EndGlobalSection
	GlobalSection(ExtensibilityGlobals) = postSolution
		SolutionGuid = {D6743D14-7675-48B4-9F5E-05F2F2502747}
	EndGlobalSection
EndGlobal
