
Microsoft Visual Studio Solution File, Format Version 12.00
# Visual Studio Version 16
VisualStudioVersion = 16.0.808.3
MinimumVisualStudioVersion = 10.0.40219.1
Project("{FAE04EC0-301F-11D3-BF4B-00C04F79EFBC}") = "PlayersAndMonsters", "01. Structure_Skeleton\PlayersAndMonsters\PlayersAndMonsters.csproj", "{BF6BA2B1-DFDE-4A22-9162-D03436E9E625}"
EndProject
Global
	GlobalSection(SolutionConfigurationPlatforms) = preSolution
		Debug|Any CPU = Debug|Any CPU
		Release|Any CPU = Release|Any CPU
	EndGlobalSection
	GlobalSection(ProjectConfigurationPlatforms) = postSolution
		{BF6BA2B1-DFDE-4A22-9162-D03436E9E625}.Debug|Any CPU.ActiveCfg = Debug|Any CPU
		{BF6BA2B1-DFDE-4A22-9162-D03436E9E625}.Debug|Any CPU.Build.0 = Debug|Any CPU
		{BF6BA2B1-DFDE-4A22-9162-D03436E9E625}.Release|Any CPU.ActiveCfg = Release|Any CPU
		{BF6BA2B1-DFDE-4A22-9162-D03436E9E625}.Release|Any CPU.Build.0 = Release|Any CPU
	EndGlobalSection
	GlobalSection(SolutionProperties) = preSolution
		HideSolutionNode = FALSE
	EndGlobalSection
	GlobalSection(ExtensibilityGlobals) = postSolution
		SolutionGuid = {A4F61D01-2590-4236-AF56-85BC3356D58F}
	EndGlobalSection
EndGlobal
