
Microsoft Visual Studio Solution File, Format Version 12.00
# Visual Studio Version 16
VisualStudioVersion = 16.0.808.3
MinimumVisualStudioVersion = 10.0.40219.1
Project("{FAE04EC0-301F-11D3-BF4B-00C04F79EFBC}") = "Bakery", "01. Structure_Problem_Skeleton\Bakery\Bakery.csproj", "{1400F395-A689-4C0E-84D8-5B714686DA36}"
EndProject
Project("{FAE04EC0-301F-11D3-BF4B-00C04F79EFBC}") = "BankSafe", "03. Unit Tests_Unit_Tests_Skeleton\BankSafe\BankSafe.csproj", "{B083092B-1F95-492A-BF5A-60667C349825}"
EndProject
Project("{FAE04EC0-301F-11D3-BF4B-00C04F79EFBC}") = "BankSafe.Tests", "03. Unit Tests_Unit_Tests_Skeleton\BankSafe.Tests\BankSafe.Tests.csproj", "{C0B9F38A-5680-43BD-82C8-82267A85C35D}"
EndProject
Global
	GlobalSection(SolutionConfigurationPlatforms) = preSolution
		Debug|Any CPU = Debug|Any CPU
		Release|Any CPU = Release|Any CPU
	EndGlobalSection
	GlobalSection(ProjectConfigurationPlatforms) = postSolution
		{1400F395-A689-4C0E-84D8-5B714686DA36}.Debug|Any CPU.ActiveCfg = Debug|Any CPU
		{1400F395-A689-4C0E-84D8-5B714686DA36}.Debug|Any CPU.Build.0 = Debug|Any CPU
		{1400F395-A689-4C0E-84D8-5B714686DA36}.Release|Any CPU.ActiveCfg = Release|Any CPU
		{1400F395-A689-4C0E-84D8-5B714686DA36}.Release|Any CPU.Build.0 = Release|Any CPU
		{B083092B-1F95-492A-BF5A-60667C349825}.Debug|Any CPU.ActiveCfg = Debug|Any CPU
		{B083092B-1F95-492A-BF5A-60667C349825}.Debug|Any CPU.Build.0 = Debug|Any CPU
		{B083092B-1F95-492A-BF5A-60667C349825}.Release|Any CPU.ActiveCfg = Release|Any CPU
		{B083092B-1F95-492A-BF5A-60667C349825}.Release|Any CPU.Build.0 = Release|Any CPU
		{C0B9F38A-5680-43BD-82C8-82267A85C35D}.Debug|Any CPU.ActiveCfg = Debug|Any CPU
		{C0B9F38A-5680-43BD-82C8-82267A85C35D}.Debug|Any CPU.Build.0 = Debug|Any CPU
		{C0B9F38A-5680-43BD-82C8-82267A85C35D}.Release|Any CPU.ActiveCfg = Release|Any CPU
		{C0B9F38A-5680-43BD-82C8-82267A85C35D}.Release|Any CPU.Build.0 = Release|Any CPU
	EndGlobalSection
	GlobalSection(SolutionProperties) = preSolution
		HideSolutionNode = FALSE
	EndGlobalSection
	GlobalSection(ExtensibilityGlobals) = postSolution
		SolutionGuid = {FB0AA131-D333-49D3-88D5-62B4CDEA896A}
	EndGlobalSection
EndGlobal
